
Microsoft Visual Studio Solution File, Format Version 12.00
# Visual Studio Version 16
VisualStudioVersion = 16.0.30225.117
MinimumVisualStudioVersion = 10.0.40219.1
Project("{9A19103F-16F7-4668-BE54-9A1E7A4F7556}") = "APITaxaJuros", "APITaxaJuros\APITaxaJuros.csproj", "{BEB82F8C-AB6A-4BD9-AFA7-E07EA489A49C}"
EndProject
Project("{FAE04EC0-301F-11D3-BF4B-00C04F79EFBC}") = "TestesTaxaJuros", "TestesTaxaJuros\TestesTaxaJuros.csproj", "{BDA97688-CF46-44EB-8D9F-A9BDF6105C6F}"
EndProject
Global
	GlobalSection(SolutionConfigurationPlatforms) = preSolution
		Debug|Any CPU = Debug|Any CPU
		Release|Any CPU = Release|Any CPU
	EndGlobalSection
	GlobalSection(ProjectConfigurationPlatforms) = postSolution
		{BEB82F8C-AB6A-4BD9-AFA7-E07EA489A49C}.Debug|Any CPU.ActiveCfg = Debug|Any CPU
		{BEB82F8C-AB6A-4BD9-AFA7-E07EA489A49C}.Debug|Any CPU.Build.0 = Debug|Any CPU
		{BEB82F8C-AB6A-4BD9-AFA7-E07EA489A49C}.Release|Any CPU.ActiveCfg = Release|Any CPU
		{BEB82F8C-AB6A-4BD9-AFA7-E07EA489A49C}.Release|Any CPU.Build.0 = Release|Any CPU
		{BDA97688-CF46-44EB-8D9F-A9BDF6105C6F}.Debug|Any CPU.ActiveCfg = Debug|Any CPU
		{BDA97688-CF46-44EB-8D9F-A9BDF6105C6F}.Debug|Any CPU.Build.0 = Debug|Any CPU
		{BDA97688-CF46-44EB-8D9F-A9BDF6105C6F}.Release|Any CPU.ActiveCfg = Release|Any CPU
		{BDA97688-CF46-44EB-8D9F-A9BDF6105C6F}.Release|Any CPU.Build.0 = Release|Any CPU
	EndGlobalSection
	GlobalSection(SolutionProperties) = preSolution
		HideSolutionNode = FALSE
	EndGlobalSection
	GlobalSection(ExtensibilityGlobals) = postSolution
		SolutionGuid = {9FCDEA44-00E5-448F-9777-43242FC42C5A}
	EndGlobalSection
EndGlobal
